// !$*UTF8*$!
{
	archiveVersion = 1;
	classes = {
	};
	objectVersion = 46;
	objects = {

/* Begin PBXBuildFile section */
		A523BA2B1D04074F00A4D69B /* AppDelegate.swift in Sources */ = {isa = PBXBuildFile; fileRef = A523BA2A1D04074F00A4D69B /* AppDelegate.swift */; };
		A523BA2D1D04074F00A4D69B /* RecordVewController.swift in Sources */ = {isa = PBXBuildFile; fileRef = A523BA2C1D04074F00A4D69B /* RecordVewController.swift */; };
		A523BA301D04074F00A4D69B /* Main.storyboard in Resources */ = {isa = PBXBuildFile; fileRef = A523BA2E1D04074F00A4D69B /* Main.storyboard */; };
		A523BA331D04074F00A4D69B /* Tell_Me.xcdatamodeld in Sources */ = {isa = PBXBuildFile; fileRef = A523BA311D04074F00A4D69B /* Tell_Me.xcdatamodeld */; };
		A523BA351D04074F00A4D69B /* Assets.xcassets in Resources */ = {isa = PBXBuildFile; fileRef = A523BA341D04074F00A4D69B /* Assets.xcassets */; };
		A523BA381D04074F00A4D69B /* LaunchScreen.storyboard in Resources */ = {isa = PBXBuildFile; fileRef = A523BA361D04074F00A4D69B /* LaunchScreen.storyboard */; };
		A523BA431D04074F00A4D69B /* Tell_MeTests.swift in Sources */ = {isa = PBXBuildFile; fileRef = A523BA421D04074F00A4D69B /* Tell_MeTests.swift */; };
		A523BA4E1D04074F00A4D69B /* Tell_MeUITests.swift in Sources */ = {isa = PBXBuildFile; fileRef = A523BA4D1D04074F00A4D69B /* Tell_MeUITests.swift */; };
		A523BA5C1D04D47F00A4D69B /* AnalyzedViewController.swift in Sources */ = {isa = PBXBuildFile; fileRef = A523BA5B1D04D47E00A4D69B /* AnalyzedViewController.swift */; };
		A523BA9A1D04DC4200A4D69B /* AppConstants.swift in Sources */ = {isa = PBXBuildFile; fileRef = A523BA991D04DC4200A4D69B /* AppConstants.swift */; };
		A523BA9D1D0944B300A4D69B /* Client.swift in Sources */ = {isa = PBXBuildFile; fileRef = A523BA9C1D0944B300A4D69B /* Client.swift */; };
		A523BA9F1D0CD74B00A4D69B /* ConvenienceClient.swift in Sources */ = {isa = PBXBuildFile; fileRef = A523BA9E1D0CD74B00A4D69B /* ConvenienceClient.swift */; };
		A523BAA11D0CD82900A4D69B /* ConstantsClient.swift in Sources */ = {isa = PBXBuildFile; fileRef = A523BAA01D0CD82900A4D69B /* ConstantsClient.swift */; };
		A55231461D2A0D17005ED8F4 /* CoreDataStackManager.swift in Sources */ = {isa = PBXBuildFile; fileRef = A55231451D2A0D17005ED8F4 /* CoreDataStackManager.swift */; };
		A55231481D2A0F5F005ED8F4 /* TextObject.swift in Sources */ = {isa = PBXBuildFile; fileRef = A55231471D2A0F5F005ED8F4 /* TextObject.swift */; };
		A552314C1D2A1161005ED8F4 /* EmotionsTone.swift in Sources */ = {isa = PBXBuildFile; fileRef = A552314B1D2A1161005ED8F4 /* EmotionsTone.swift */; };
		A552314E1D2A15F1005ED8F4 /* LanguageTone.swift in Sources */ = {isa = PBXBuildFile; fileRef = A552314D1D2A15F1005ED8F4 /* LanguageTone.swift */; };
		A55231501D2A172E005ED8F4 /* SocialTone.swift in Sources */ = {isa = PBXBuildFile; fileRef = A552314F1D2A172E005ED8F4 /* SocialTone.swift */; };
/* End PBXBuildFile section */

/* Begin PBXContainerItemProxy section */
		A523BA3F1D04074F00A4D69B /* PBXContainerItemProxy */ = {
			isa = PBXContainerItemProxy;
			containerPortal = A523BA1F1D04074F00A4D69B /* Project object */;
			proxyType = 1;
			remoteGlobalIDString = A523BA261D04074F00A4D69B;
			remoteInfo = "Tell Me";
		};
		A523BA4A1D04074F00A4D69B /* PBXContainerItemProxy */ = {
			isa = PBXContainerItemProxy;
			containerPortal = A523BA1F1D04074F00A4D69B /* Project object */;
			proxyType = 1;
			remoteGlobalIDString = A523BA261D04074F00A4D69B;
			remoteInfo = "Tell Me";
		};
/* End PBXContainerItemProxy section */

/* Begin PBXFileReference section */
		A523BA271D04074F00A4D69B /* Tell Me.app */ = {isa = PBXFileReference; explicitFileType = wrapper.application; includeInIndex = 0; path = "Tell Me.app"; sourceTree = BUILT_PRODUCTS_DIR; };
		A523BA2A1D04074F00A4D69B /* AppDelegate.swift */ = {isa = PBXFileReference; lastKnownFileType = sourcecode.swift; path = AppDelegate.swift; sourceTree = "<group>"; };
		A523BA2C1D04074F00A4D69B /* RecordVewController.swift */ = {isa = PBXFileReference; lastKnownFileType = sourcecode.swift; path = RecordVewController.swift; sourceTree = "<group>"; };
		A523BA2F1D04074F00A4D69B /* Base */ = {isa = PBXFileReference; lastKnownFileType = file.storyboard; name = Base; path = Base.lproj/Main.storyboard; sourceTree = "<group>"; };
		A523BA321D04074F00A4D69B /* Tell_Me.xcdatamodel */ = {isa = PBXFileReference; lastKnownFileType = wrapper.xcdatamodel; path = Tell_Me.xcdatamodel; sourceTree = "<group>"; };
		A523BA341D04074F00A4D69B /* Assets.xcassets */ = {isa = PBXFileReference; lastKnownFileType = folder.assetcatalog; path = Assets.xcassets; sourceTree = "<group>"; };
		A523BA371D04074F00A4D69B /* Base */ = {isa = PBXFileReference; lastKnownFileType = file.storyboard; name = Base; path = Base.lproj/LaunchScreen.storyboard; sourceTree = "<group>"; };
		A523BA391D04074F00A4D69B /* Info.plist */ = {isa = PBXFileReference; lastKnownFileType = text.plist.xml; path = Info.plist; sourceTree = "<group>"; };
		A523BA3E1D04074F00A4D69B /* Tell MeTests.xctest */ = {isa = PBXFileReference; explicitFileType = wrapper.cfbundle; includeInIndex = 0; path = "Tell MeTests.xctest"; sourceTree = BUILT_PRODUCTS_DIR; };
		A523BA421D04074F00A4D69B /* Tell_MeTests.swift */ = {isa = PBXFileReference; lastKnownFileType = sourcecode.swift; path = Tell_MeTests.swift; sourceTree = "<group>"; };
		A523BA441D04074F00A4D69B /* Info.plist */ = {isa = PBXFileReference; lastKnownFileType = text.plist.xml; path = Info.plist; sourceTree = "<group>"; };
		A523BA491D04074F00A4D69B /* Tell MeUITests.xctest */ = {isa = PBXFileReference; explicitFileType = wrapper.cfbundle; includeInIndex = 0; path = "Tell MeUITests.xctest"; sourceTree = BUILT_PRODUCTS_DIR; };
		A523BA4D1D04074F00A4D69B /* Tell_MeUITests.swift */ = {isa = PBXFileReference; lastKnownFileType = sourcecode.swift; path = Tell_MeUITests.swift; sourceTree = "<group>"; };
		A523BA4F1D04074F00A4D69B /* Info.plist */ = {isa = PBXFileReference; lastKnownFileType = text.plist.xml; path = Info.plist; sourceTree = "<group>"; };
		A523BA5B1D04D47E00A4D69B /* AnalyzedViewController.swift */ = {isa = PBXFileReference; fileEncoding = 4; lastKnownFileType = sourcecode.swift; path = AnalyzedViewController.swift; sourceTree = "<group>"; };
		A523BA991D04DC4200A4D69B /* AppConstants.swift */ = {isa = PBXFileReference; fileEncoding = 4; lastKnownFileType = sourcecode.swift; path = AppConstants.swift; sourceTree = "<group>"; };
		A523BA9C1D0944B300A4D69B /* Client.swift */ = {isa = PBXFileReference; fileEncoding = 4; lastKnownFileType = sourcecode.swift; path = Client.swift; sourceTree = "<group>"; };
		A523BA9E1D0CD74B00A4D69B /* ConvenienceClient.swift */ = {isa = PBXFileReference; fileEncoding = 4; lastKnownFileType = sourcecode.swift; path = ConvenienceClient.swift; sourceTree = "<group>"; };
		A523BAA01D0CD82900A4D69B /* ConstantsClient.swift */ = {isa = PBXFileReference; fileEncoding = 4; lastKnownFileType = sourcecode.swift; path = ConstantsClient.swift; sourceTree = "<group>"; };
		A55231451D2A0D17005ED8F4 /* CoreDataStackManager.swift */ = {isa = PBXFileReference; fileEncoding = 4; lastKnownFileType = sourcecode.swift; path = CoreDataStackManager.swift; sourceTree = "<group>"; };
		A55231471D2A0F5F005ED8F4 /* TextObject.swift */ = {isa = PBXFileReference; fileEncoding = 4; lastKnownFileType = sourcecode.swift; path = TextObject.swift; sourceTree = "<group>"; };
		A552314B1D2A1161005ED8F4 /* EmotionsTone.swift */ = {isa = PBXFileReference; fileEncoding = 4; lastKnownFileType = sourcecode.swift; path = EmotionsTone.swift; sourceTree = "<group>"; };
		A552314D1D2A15F1005ED8F4 /* LanguageTone.swift */ = {isa = PBXFileReference; fileEncoding = 4; lastKnownFileType = sourcecode.swift; path = LanguageTone.swift; sourceTree = "<group>"; };
		A552314F1D2A172E005ED8F4 /* SocialTone.swift */ = {isa = PBXFileReference; fileEncoding = 4; lastKnownFileType = sourcecode.swift; path = SocialTone.swift; sourceTree = "<group>"; };
/* End PBXFileReference section */

/* Begin PBXFrameworksBuildPhase section */
		A523BA241D04074F00A4D69B /* Frameworks */ = {
			isa = PBXFrameworksBuildPhase;
			buildActionMask = 2147483647;
			files = (
			);
			runOnlyForDeploymentPostprocessing = 0;
		};
		A523BA3B1D04074F00A4D69B /* Frameworks */ = {
			isa = PBXFrameworksBuildPhase;
			buildActionMask = 2147483647;
			files = (
			);
			runOnlyForDeploymentPostprocessing = 0;
		};
		A523BA461D04074F00A4D69B /* Frameworks */ = {
			isa = PBXFrameworksBuildPhase;
			buildActionMask = 2147483647;
			files = (
			);
			runOnlyForDeploymentPostprocessing = 0;
		};
/* End PBXFrameworksBuildPhase section */

/* Begin PBXGroup section */
		A523BA1E1D04074F00A4D69B = {
			isa = PBXGroup;
			children = (
				A523BA291D04074F00A4D69B /* Tell Me */,
				A523BA411D04074F00A4D69B /* Tell MeTests */,
				A523BA4C1D04074F00A4D69B /* Tell MeUITests */,
				A523BA281D04074F00A4D69B /* Products */,
			);
			sourceTree = "<group>";
		};
		A523BA281D04074F00A4D69B /* Products */ = {
			isa = PBXGroup;
			children = (
				A523BA271D04074F00A4D69B /* Tell Me.app */,
				A523BA3E1D04074F00A4D69B /* Tell MeTests.xctest */,
				A523BA491D04074F00A4D69B /* Tell MeUITests.xctest */,
			);
			name = Products;
			sourceTree = "<group>";
		};
		A523BA291D04074F00A4D69B /* Tell Me */ = {
			isa = PBXGroup;
			children = (
				A55231441D2A0CCF005ED8F4 /* Modal */,
				A523BA2A1D04074F00A4D69B /* AppDelegate.swift */,
				A523BA2C1D04074F00A4D69B /* RecordVewController.swift */,
				A523BA2E1D04074F00A4D69B /* Main.storyboard */,
				A523BA5B1D04D47E00A4D69B /* AnalyzedViewController.swift */,
				A523BA991D04DC4200A4D69B /* AppConstants.swift */,
				A55231431D1D069B005ED8F4 /* Supporting Files */,
			);
			path = "Tell Me";
			sourceTree = "<group>";
		};
		A523BA411D04074F00A4D69B /* Tell MeTests */ = {
			isa = PBXGroup;
			children = (
				A523BA421D04074F00A4D69B /* Tell_MeTests.swift */,
				A523BA441D04074F00A4D69B /* Info.plist */,
			);
			path = "Tell MeTests";
			sourceTree = "<group>";
		};
		A523BA4C1D04074F00A4D69B /* Tell MeUITests */ = {
			isa = PBXGroup;
			children = (
				A523BA4D1D04074F00A4D69B /* Tell_MeUITests.swift */,
				A523BA4F1D04074F00A4D69B /* Info.plist */,
			);
			path = "Tell MeUITests";
			sourceTree = "<group>";
		};
		A523BA9B1D09448F00A4D69B /* Client */ = {
			isa = PBXGroup;
			children = (
				A523BA9C1D0944B300A4D69B /* Client.swift */,
				A523BA9E1D0CD74B00A4D69B /* ConvenienceClient.swift */,
				A523BAA01D0CD82900A4D69B /* ConstantsClient.swift */,
			);
			name = Client;
			sourceTree = "<group>";
		};
		A55231431D1D069B005ED8F4 /* Supporting Files */ = {
			isa = PBXGroup;
			children = (
				A523BA341D04074F00A4D69B /* Assets.xcassets */,
				A523BA361D04074F00A4D69B /* LaunchScreen.storyboard */,
				A523BA391D04074F00A4D69B /* Info.plist */,
			);
			name = "Supporting Files";
			sourceTree = "<group>";
		};
		A55231441D2A0CCF005ED8F4 /* Modal */ = {
			isa = PBXGroup;
			children = (
				A523BA9B1D09448F00A4D69B /* Client */,
				A523BA311D04074F00A4D69B /* Tell_Me.xcdatamodeld */,
				A55231451D2A0D17005ED8F4 /* CoreDataStackManager.swift */,
				A55231471D2A0F5F005ED8F4 /* TextObject.swift */,
				A552314B1D2A1161005ED8F4 /* EmotionsTone.swift */,
				A552314D1D2A15F1005ED8F4 /* LanguageTone.swift */,
				A552314F1D2A172E005ED8F4 /* SocialTone.swift */,
			);
			name = Modal;
			sourceTree = "<group>";
		};
/* End PBXGroup section */

/* Begin PBXNativeTarget section */
		A523BA261D04074F00A4D69B /* Tell Me */ = {
			isa = PBXNativeTarget;
			buildConfigurationList = A523BA521D04074F00A4D69B /* Build configuration list for PBXNativeTarget "Tell Me" */;
			buildPhases = (
				A523BA231D04074F00A4D69B /* Sources */,
				A523BA241D04074F00A4D69B /* Frameworks */,
				A523BA251D04074F00A4D69B /* Resources */,
			);
			buildRules = (
			);
			dependencies = (
			);
			name = "Tell Me";
			productName = "Tell Me";
			productReference = A523BA271D04074F00A4D69B /* Tell Me.app */;
			productType = "com.apple.product-type.application";
		};
		A523BA3D1D04074F00A4D69B /* Tell MeTests */ = {
			isa = PBXNativeTarget;
			buildConfigurationList = A523BA551D04074F00A4D69B /* Build configuration list for PBXNativeTarget "Tell MeTests" */;
			buildPhases = (
				A523BA3A1D04074F00A4D69B /* Sources */,
				A523BA3B1D04074F00A4D69B /* Frameworks */,
				A523BA3C1D04074F00A4D69B /* Resources */,
			);
			buildRules = (
			);
			dependencies = (
				A523BA401D04074F00A4D69B /* PBXTargetDependency */,
			);
			name = "Tell MeTests";
			productName = "Tell MeTests";
			productReference = A523BA3E1D04074F00A4D69B /* Tell MeTests.xctest */;
			productType = "com.apple.product-type.bundle.unit-test";
		};
		A523BA481D04074F00A4D69B /* Tell MeUITests */ = {
			isa = PBXNativeTarget;
			buildConfigurationList = A523BA581D04074F00A4D69B /* Build configuration list for PBXNativeTarget "Tell MeUITests" */;
			buildPhases = (
				A523BA451D04074F00A4D69B /* Sources */,
				A523BA461D04074F00A4D69B /* Frameworks */,
				A523BA471D04074F00A4D69B /* Resources */,
			);
			buildRules = (
			);
			dependencies = (
				A523BA4B1D04074F00A4D69B /* PBXTargetDependency */,
			);
			name = "Tell MeUITests";
			productName = "Tell MeUITests";
			productReference = A523BA491D04074F00A4D69B /* Tell MeUITests.xctest */;
			productType = "com.apple.product-type.bundle.ui-testing";
		};
/* End PBXNativeTarget section */

/* Begin PBXProject section */
		A523BA1F1D04074F00A4D69B /* Project object */ = {
			isa = PBXProject;
			attributes = {
				LastSwiftUpdateCheck = 0710;
				LastUpgradeCheck = 0710;
				ORGANIZATIONNAME = Spryby;
				TargetAttributes = {
					A523BA261D04074F00A4D69B = {
						CreatedOnToolsVersion = 7.1;
					};
					A523BA3D1D04074F00A4D69B = {
						CreatedOnToolsVersion = 7.1;
						TestTargetID = A523BA261D04074F00A4D69B;
					};
					A523BA481D04074F00A4D69B = {
						CreatedOnToolsVersion = 7.1;
						TestTargetID = A523BA261D04074F00A4D69B;
					};
				};
			};
			buildConfigurationList = A523BA221D04074F00A4D69B /* Build configuration list for PBXProject "Tell Me" */;
			compatibilityVersion = "Xcode 3.2";
			developmentRegion = English;
			hasScannedForEncodings = 0;
			knownRegions = (
				en,
				Base,
			);
			mainGroup = A523BA1E1D04074F00A4D69B;
			productRefGroup = A523BA281D04074F00A4D69B /* Products */;
			projectDirPath = "";
			projectRoot = "";
			targets = (
				A523BA261D04074F00A4D69B /* Tell Me */,
				A523BA3D1D04074F00A4D69B /* Tell MeTests */,
				A523BA481D04074F00A4D69B /* Tell MeUITests */,
			);
		};
/* End PBXProject section */

/* Begin PBXResourcesBuildPhase section */
		A523BA251D04074F00A4D69B /* Resources */ = {
			isa = PBXResourcesBuildPhase;
			buildActionMask = 2147483647;
			files = (
				A523BA381D04074F00A4D69B /* LaunchScreen.storyboard in Resources */,
				A523BA351D04074F00A4D69B /* Assets.xcassets in Resources */,
				A523BA301D04074F00A4D69B /* Main.storyboard in Resources */,
			);
			runOnlyForDeploymentPostprocessing = 0;
		};
		A523BA3C1D04074F00A4D69B /* Resources */ = {
			isa = PBXResourcesBuildPhase;
			buildActionMask = 2147483647;
			files = (
			);
			runOnlyForDeploymentPostprocessing = 0;
		};
		A523BA471D04074F00A4D69B /* Resources */ = {
			isa = PBXResourcesBuildPhase;
			buildActionMask = 2147483647;
			files = (
			);
			runOnlyForDeploymentPostprocessing = 0;
		};
/* End PBXResourcesBuildPhase section */

/* Begin PBXSourcesBuildPhase section */
		A523BA231D04074F00A4D69B /* Sources */ = {
			isa = PBXSourcesBuildPhase;
			buildActionMask = 2147483647;
			files = (
				A523BA331D04074F00A4D69B /* Tell_Me.xcdatamodeld in Sources */,
				A523BA2D1D04074F00A4D69B /* RecordVewController.swift in Sources */,
				A55231461D2A0D17005ED8F4 /* CoreDataStackManager.swift in Sources */,
				A552314C1D2A1161005ED8F4 /* EmotionsTone.swift in Sources */,
				A523BA9D1D0944B300A4D69B /* Client.swift in Sources */,
				A55231501D2A172E005ED8F4 /* SocialTone.swift in Sources */,
				A523BA5C1D04D47F00A4D69B /* AnalyzedViewController.swift in Sources */,
				A523BAA11D0CD82900A4D69B /* ConstantsClient.swift in Sources */,
				A523BA2B1D04074F00A4D69B /* AppDelegate.swift in Sources */,
				A55231481D2A0F5F005ED8F4 /* TextObject.swift in Sources */,
				A523BA9A1D04DC4200A4D69B /* AppConstants.swift in Sources */,
				A523BA9F1D0CD74B00A4D69B /* ConvenienceClient.swift in Sources */,
				A552314E1D2A15F1005ED8F4 /* LanguageTone.swift in Sources */,
			);
			runOnlyForDeploymentPostprocessing = 0;
		};
		A523BA3A1D04074F00A4D69B /* Sources */ = {
			isa = PBXSourcesBuildPhase;
			buildActionMask = 2147483647;
			files = (
				A523BA431D04074F00A4D69B /* Tell_MeTests.swift in Sources */,
			);
			runOnlyForDeploymentPostprocessing = 0;
		};
		A523BA451D04074F00A4D69B /* Sources */ = {
			isa = PBXSourcesBuildPhase;
			buildActionMask = 2147483647;
			files = (
				A523BA4E1D04074F00A4D69B /* Tell_MeUITests.swift in Sources */,
			);
			runOnlyForDeploymentPostprocessing = 0;
		};
/* End PBXSourcesBuildPhase section */

/* Begin PBXTargetDependency section */
		A523BA401D04074F00A4D69B /* PBXTargetDependency */ = {
			isa = PBXTargetDependency;
			target = A523BA261D04074F00A4D69B /* Tell Me */;
			targetProxy = A523BA3F1D04074F00A4D69B /* PBXContainerItemProxy */;
		};
		A523BA4B1D04074F00A4D69B /* PBXTargetDependency */ = {
			isa = PBXTargetDependency;
			target = A523BA261D04074F00A4D69B /* Tell Me */;
			targetProxy = A523BA4A1D04074F00A4D69B /* PBXContainerItemProxy */;
		};
/* End PBXTargetDependency section */

/* Begin PBXVariantGroup section */
		A523BA2E1D04074F00A4D69B /* Main.storyboard */ = {
			isa = PBXVariantGroup;
			children = (
				A523BA2F1D04074F00A4D69B /* Base */,
			);
			name = Main.storyboard;
			sourceTree = "<group>";
		};
		A523BA361D04074F00A4D69B /* LaunchScreen.storyboard */ = {
			isa = PBXVariantGroup;
			children = (
				A523BA371D04074F00A4D69B /* Base */,
			);
			name = LaunchScreen.storyboard;
			sourceTree = "<group>";
		};
/* End PBXVariantGroup section */

/* Begin XCBuildConfiguration section */
		A523BA501D04074F00A4D69B /* Debug */ = {
			isa = XCBuildConfiguration;
			buildSettings = {
				ALWAYS_SEARCH_USER_PATHS = NO;
				CLANG_CXX_LANGUAGE_STANDARD = "gnu++0x";
				CLANG_CXX_LIBRARY = "libc++";
				CLANG_ENABLE_MODULES = YES;
				CLANG_ENABLE_OBJC_ARC = YES;
				CLANG_WARN_BOOL_CONVERSION = YES;
				CLANG_WARN_CONSTANT_CONVERSION = YES;
				CLANG_WARN_DIRECT_OBJC_ISA_USAGE = YES_ERROR;
				CLANG_WARN_EMPTY_BODY = YES;
				CLANG_WARN_ENUM_CONVERSION = YES;
				CLANG_WARN_INT_CONVERSION = YES;
				CLANG_WARN_OBJC_ROOT_CLASS = YES_ERROR;
				CLANG_WARN_UNREACHABLE_CODE = YES;
				CLANG_WARN__DUPLICATE_METHOD_MATCH = YES;
				"CODE_SIGN_IDENTITY[sdk=iphoneos*]" = "iPhone Developer";
				COPY_PHASE_STRIP = NO;
				DEBUG_INFORMATION_FORMAT = dwarf;
				ENABLE_STRICT_OBJC_MSGSEND = YES;
				ENABLE_TESTABILITY = YES;
				GCC_C_LANGUAGE_STANDARD = gnu99;
				GCC_DYNAMIC_NO_PIC = NO;
				GCC_NO_COMMON_BLOCKS = YES;
				GCC_OPTIMIZATION_LEVEL = 0;
				GCC_PREPROCESSOR_DEFINITIONS = (
					"DEBUG=1",
					"$(inherited)",
				);
				GCC_WARN_64_TO_32_BIT_CONVERSION = YES;
				GCC_WARN_ABOUT_RETURN_TYPE = YES_ERROR;
				GCC_WARN_UNDECLARED_SELECTOR = YES;
				GCC_WARN_UNINITIALIZED_AUTOS = YES_AGGRESSIVE;
				GCC_WARN_UNUSED_FUNCTION = YES;
				GCC_WARN_UNUSED_VARIABLE = YES;
				IPHONEOS_DEPLOYMENT_TARGET = 9.1;
				MTL_ENABLE_DEBUG_INFO = YES;
				ONLY_ACTIVE_ARCH = YES;
				SDKROOT = iphoneos;
				SWIFT_OPTIMIZATION_LEVEL = "-Onone";
			};
			name = Debug;
		};
		A523BA511D04074F00A4D69B /* Release */ = {
			isa = XCBuildConfiguration;
			buildSettings = {
				ALWAYS_SEARCH_USER_PATHS = NO;
				CLANG_CXX_LANGUAGE_STANDARD = "gnu++0x";
				CLANG_CXX_LIBRARY = "libc++";
				CLANG_ENABLE_MODULES = YES;
				CLANG_ENABLE_OBJC_ARC = YES;
				CLANG_WARN_BOOL_CONVERSION = YES;
				CLANG_WARN_CONSTANT_CONVERSION = YES;
				CLANG_WARN_DIRECT_OBJC_ISA_USAGE = YES_ERROR;
				CLANG_WARN_EMPTY_BODY = YES;
				CLANG_WARN_ENUM_CONVERSION = YES;
				CLANG_WARN_INT_CONVERSION = YES;
				CLANG_WARN_OBJC_ROOT_CLASS = YES_ERROR;
				CLANG_WARN_UNREACHABLE_CODE = YES;
				CLANG_WARN__DUPLICATE_METHOD_MATCH = YES;
				"CODE_SIGN_IDENTITY[sdk=iphoneos*]" = "iPhone Developer";
				COPY_PHASE_STRIP = NO;
				DEBUG_INFORMATION_FORMAT = "dwarf-with-dsym";
				ENABLE_NS_ASSERTIONS = NO;
				ENABLE_STRICT_OBJC_MSGSEND = YES;
				GCC_C_LANGUAGE_STANDARD = gnu99;
				GCC_NO_COMMON_BLOCKS = YES;
				GCC_WARN_64_TO_32_BIT_CONVERSION = YES;
				GCC_WARN_ABOUT_RETURN_TYPE = YES_ERROR;
				GCC_WARN_UNDECLARED_SELECTOR = YES;
				GCC_WARN_UNINITIALIZED_AUTOS = YES_AGGRESSIVE;
				GCC_WARN_UNUSED_FUNCTION = YES;
				GCC_WARN_UNUSED_VARIABLE = YES;
				IPHONEOS_DEPLOYMENT_TARGET = 9.1;
				MTL_ENABLE_DEBUG_INFO = NO;
				SDKROOT = iphoneos;
				VALIDATE_PRODUCT = YES;
			};
			name = Release;
		};
		A523BA531D04074F00A4D69B /* Debug */ = {
			isa = XCBuildConfiguration;
			buildSettings = {
				ASSETCATALOG_COMPILER_APPICON_NAME = AppIcon;
				INFOPLIST_FILE = "Tell Me/Info.plist";
				LD_RUNPATH_SEARCH_PATHS = "$(inherited) @executable_path/Frameworks";
				PRODUCT_BUNDLE_IDENTIFIER = "com.spryby.Tell-Me";
				PRODUCT_NAME = "$(TARGET_NAME)";
			};
			name = Debug;
		};
		A523BA541D04074F00A4D69B /* Release */ = {
			isa = XCBuildConfiguration;
			buildSettings = {
				ASSETCATALOG_COMPILER_APPICON_NAME = AppIcon;
				INFOPLIST_FILE = "Tell Me/Info.plist";
				LD_RUNPATH_SEARCH_PATHS = "$(inherited) @executable_path/Frameworks";
				PRODUCT_BUNDLE_IDENTIFIER = "com.spryby.Tell-Me";
				PRODUCT_NAME = "$(TARGET_NAME)";
			};
			name = Release;
		};
		A523BA561D04074F00A4D69B /* Debug */ = {
			isa = XCBuildConfiguration;
			buildSettings = {
				BUNDLE_LOADER = "$(TEST_HOST)";
				INFOPLIST_FILE = "Tell MeTests/Info.plist";
				LD_RUNPATH_SEARCH_PATHS = "$(inherited) @executable_path/Frameworks @loader_path/Frameworks";
				PRODUCT_BUNDLE_IDENTIFIER = "com.spryby.Tell-MeTests";
				PRODUCT_NAME = "$(TARGET_NAME)";
				TEST_HOST = "$(BUILT_PRODUCTS_DIR)/Tell Me.app/Tell Me";
			};
			name = Debug;
		};
		A523BA571D04074F00A4D69B /* Release */ = {
			isa = XCBuildConfiguration;
			buildSettings = {
				BUNDLE_LOADER = "$(TEST_HOST)";
				INFOPLIST_FILE = "Tell MeTests/Info.plist";
				LD_RUNPATH_SEARCH_PATHS = "$(inherited) @executable_path/Frameworks @loader_path/Frameworks";
				PRODUCT_BUNDLE_IDENTIFIER = "com.spryby.Tell-MeTests";
				PRODUCT_NAME = "$(TARGET_NAME)";
				TEST_HOST = "$(BUILT_PRODUCTS_DIR)/Tell Me.app/Tell Me";
			};
			name = Release;
		};
		A523BA591D04074F00A4D69B /* Debug */ = {
			isa = XCBuildConfiguration;
			buildSettings = {
				INFOPLIST_FILE = "Tell MeUITests/Info.plist";
				LD_RUNPATH_SEARCH_PATHS = "$(inherited) @executable_path/Frameworks @loader_path/Frameworks";
				PRODUCT_BUNDLE_IDENTIFIER = "com.spryby.Tell-MeUITests";
				PRODUCT_NAME = "$(TARGET_NAME)";
				TEST_TARGET_NAME = "Tell Me";
				USES_XCTRUNNER = YES;
			};
			name = Debug;
		};
		A523BA5A1D04074F00A4D69B /* Release */ = {
			isa = XCBuildConfiguration;
			buildSettings = {
				INFOPLIST_FILE = "Tell MeUITests/Info.plist";
				LD_RUNPATH_SEARCH_PATHS = "$(inherited) @executable_path/Frameworks @loader_path/Frameworks";
				PRODUCT_BUNDLE_IDENTIFIER = "com.spryby.Tell-MeUITests";
				PRODUCT_NAME = "$(TARGET_NAME)";
				TEST_TARGET_NAME = "Tell Me";
				USES_XCTRUNNER = YES;
			};
			name = Release;
		};
/* End XCBuildConfiguration section */

/* Begin XCConfigurationList section */
		A523BA221D04074F00A4D69B /* Build configuration list for PBXProject "Tell Me" */ = {
			isa = XCConfigurationList;
			buildConfigurations = (
				A523BA501D04074F00A4D69B /* Debug */,
				A523BA511D04074F00A4D69B /* Release */,
			);
			defaultConfigurationIsVisible = 0;
			defaultConfigurationName = Release;
		};
		A523BA521D04074F00A4D69B /* Build configuration list for PBXNativeTarget "Tell Me" */ = {
			isa = XCConfigurationList;
			buildConfigurations = (
				A523BA531D04074F00A4D69B /* Debug */,
				A523BA541D04074F00A4D69B /* Release */,
			);
			defaultConfigurationIsVisible = 0;
			defaultConfigurationName = Release;
		};
		A523BA551D04074F00A4D69B /* Build configuration list for PBXNativeTarget "Tell MeTests" */ = {
			isa = XCConfigurationList;
			buildConfigurations = (
				A523BA561D04074F00A4D69B /* Debug */,
				A523BA571D04074F00A4D69B /* Release */,
			);
			defaultConfigurationIsVisible = 0;
			defaultConfigurationName = Release;
		};
		A523BA581D04074F00A4D69B /* Build configuration list for PBXNativeTarget "Tell MeUITests" */ = {
			isa = XCConfigurationList;
			buildConfigurations = (
				A523BA591D04074F00A4D69B /* Debug */,
				A523BA5A1D04074F00A4D69B /* Release */,
			);
			defaultConfigurationIsVisible = 0;
			defaultConfigurationName = Release;
		};
/* End XCConfigurationList section */

/* Begin XCVersionGroup section */
		A523BA311D04074F00A4D69B /* Tell_Me.xcdatamodeld */ = {
			isa = XCVersionGroup;
			children = (
				A523BA321D04074F00A4D69B /* Tell_Me.xcdatamodel */,
			);
			currentVersion = A523BA321D04074F00A4D69B /* Tell_Me.xcdatamodel */;
			path = Tell_Me.xcdatamodeld;
			sourceTree = "<group>";
			versionGroupType = wrapper.xcdatamodel;
		};
/* End XCVersionGroup section */
	};
	rootObject = A523BA1F1D04074F00A4D69B /* Project object */;
}
